
Microsoft Visual Studio Solution File, Format Version 12.00
# Visual Studio Version 17
VisualStudioVersion = 17.9.34728.123
MinimumVisualStudioVersion = 10.0.40219.1
Project("{FAE04EC0-301F-11D3-BF4B-00C04F79EFBC}") = "Spaceship", "Spaceship.csproj", "{F98D312A-C65D-4857-9657-4A335BC43D82}"
EndProject
Global
	GlobalSection(SolutionConfigurationPlatforms) = preSolution
		Debug|Any CPU = Debug|Any CPU
		Release|Any CPU = Release|Any CPU
	EndGlobalSection
	GlobalSection(ProjectConfigurationPlatforms) = postSolution
		{F98D312A-C65D-4857-9657-4A335BC43D82}.Debug|Any CPU.ActiveCfg = Debug|Any CPU
		{F98D312A-C65D-4857-9657-4A335BC43D82}.Debug|Any CPU.Build.0 = Debug|Any CPU
		{F98D312A-C65D-4857-9657-4A335BC43D82}.Release|Any CPU.ActiveCfg = Release|Any CPU
		{F98D312A-C65D-4857-9657-4A335BC43D82}.Release|Any CPU.Build.0 = Release|Any CPU
	EndGlobalSection
	GlobalSection(SolutionProperties) = preSolution
		HideSolutionNode = FALSE
	EndGlobalSection
	GlobalSection(ExtensibilityGlobals) = postSolution
		SolutionGuid = {734F9C53-3BA4-4BA4-974B-47AA325DE2E3}
	EndGlobalSection
EndGlobal
